{
  "nodes": {
    "flake-parts": {
      "inputs": {
        "nixpkgs-lib": "nixpkgs-lib"
      },
      "locked": {
        "lastModified": 1788450739,
        "narHash": "sha256-glZLQlzIn1fXH6PazR2iUmTo7kzzyYSshrWhLS9TqCU=",
        "owner": "hercules-ci",
        "repo": "flake-parts",
        "rev": "31729ca8cbdb4fa927b34e5f4353e6a83f39e993",
        "type": "github"
      },
      "original": {
        "owner": "hercules-ci",
        "repo": "flake-parts",
        "type": "github"
      }
    },
    "mdformat-pandoc": {
      "inputs": {
        "flake-parts": "flake-parts",
        "nixpkgs": "nixpkgs",
        "treefmt-nix": "treefmt-nix",
        "treefmt-nix-config": "treefmt-nix-config"
      },
      "locked": {
        "lastModified": 1789150911,
        "narHash": "sha256-EOyyrx4M7Su05o9ERBVFqxDBIVxNQaeal8s5+L4fLSw=",
        "owner": "jkub6",
        "repo": "mdformat-pandoc",
        "rev": "32a12d700cfa68c8c7d1524f2c704deb70401b06",
        "type": "github"
      },
      "original": {
        "owner": "jkub6",
        "repo": "mdformat-pandoc",
        "type": "github"
      }
    },
    "nixpkgs": {
      "locked": {
        "lastModified": 1789006805,
        "narHash": "sha256-xB8mKMOx1IA9vTDNLmJZ6n4wCMq/cuWBBOzGCRnqxrU=",
        "owner": "NixOS",
        "repo": "nixpkgs",
        "rev": "8ce4ef6cb6f871616146b9fe26d2a5ae594e94fe",
        "type": "github"
      },
      "original": {
        "owner": "NixOS",
        "ref": "nixos-unstable",
        "repo": "nixpkgs",
        "type": "github"
      }
    },
    "nixpkgs-lib": {
      "locked": {
        "lastModified": 1788057806,
        "narHash": "sha256-DTQSMxzDWmT0zhguthvegnVkn7CFqGCv4IHCzk5ZUpM=",
        "owner": "nix-community",
        "repo": "nixpkgs.lib",
        "rev": "596e2e3940e09b2abbeb03f75fa1828c57fcd72c",
        "type": "github"
      },
      "original": {
        "owner": "nix-community",
        "repo": "nixpkgs.lib",
        "type": "github"
      }
    },
    "nixpkgs_2": {
      "locked": {
        "lastModified": 1789006805,
        "narHash": "sha256-xB8mKMOx1IA9vTDNLmJZ6n4wCMq/cuWBBOzGCRnqxrU=",
        "owner": "NixOS",
        "repo": "nixpkgs",
        "rev": "8ce4ef6cb6f871616146b9fe26d2a5ae594e94fe",
        "type": "github"
      },
      "original": {
        "owner": "NixOS",
        "ref": "nixos-unstable",
        "repo": "nixpkgs",
        "type": "github"
      }
    },
    "nixpkgs_3": {
      "locked": {
        "lastModified": 1789006805,
        "narHash": "sha256-xB8mKMOx1IA9vTDNLmJZ6n4wCMq/cuWBBOzGCRnqxrU=",
        "owner": "NixOS",
        "repo": "nixpkgs",
        "rev": "8ce4ef6cb6f871616146b9fe26d2a5ae594e94fe",
        "type": "github"
      },
      "original": {
        "owner": "NixOS",
        "ref": "nixos-unstable",
        "repo": "nixpkgs",
        "type": "github"
      }
    },
    "root": {
      "inputs": {
        "mdformat-pandoc": "mdformat-pandoc",
        "nixpkgs": "nixpkgs_3"
      }
    },
    "treefmt-nix": {
      "inputs": {
        "nixpkgs": [
          "mdformat-pandoc",
          "nixpkgs"
        ]
      },
      "locked": {
        "lastModified": 1786901030,
        "narHash": "sha256-WSFCsDSE5ffgD2MqzkM2CYjeFiKhRF/dJUN8uedb6YE=",
        "owner": "numtide",
        "repo": "treefmt-nix",
        "rev": "27b3b12a8e6375f28ebe122f07d230ca5459bbfa",
        "type": "github"
      },
      "original": {
        "owner": "numtide",
        "repo": "treefmt-nix",
        "type": "github"
      }
    },
    "treefmt-nix-config": {
      "inputs": {
        "mdformat-pandoc": [
          "mdformat-pandoc"
        ],
        "nixpkgs": "nixpkgs_2"
      },
      "locked": {
        "lastModified": 1789147003,
        "narHash": "sha256-vFgnfol4cCh0oca2ZU6jeHAVfYK8LNaFqt3wYhbYEUY=",
        "owner": "jkub6",
        "repo": "treefmt-nix-config",
        "rev": "fe3f0af495661e7c324afae80f6a61919af0cc47",
        "type": "github"
      },
      "original": {
        "owner": "jkub6",
        "repo": "treefmt-nix-config",
        "type": "github"
      }
    }
  },
  "root": "root",
  "version": 7
}
